
Microsoft Visual Studio Solution File, Format Version 12.00
# Visual Studio for Mac
Project("{FAE04EC0-301F-11D3-BF4B-00C04F79EFBC}") = "Tests", "Tests.csproj", "{192706C5-527D-B8CB-C62F-3E1CA0347C0C}"
EndProject
Project("{FAE04EC0-301F-11D3-BF4B-00C04F79EFBC}") = "Scripts", "Scripts.csproj", "{7A9A7B71-7CC0-2C27-DE7D-D6D5F19DE9AD}"
EndProject
Global
	GlobalSection(SolutionConfigurationPlatforms) = preSolution
		Debug|Any CPU = Debug|Any CPU
		Release|Any CPU = Release|Any CPU
	EndGlobalSection
	GlobalSection(ProjectConfigurationPlatforms) = postSolution
		{192706C5-527D-B8CB-C62F-3E1CA0347C0C}.Debug|Any CPU.ActiveCfg = Debug|Any CPU
		{192706C5-527D-B8CB-C62F-3E1CA0347C0C}.Debug|Any CPU.Build.0 = Debug|Any CPU
		{192706C5-527D-B8CB-C62F-3E1CA0347C0C}.Release|Any CPU.ActiveCfg = Release|Any CPU
		{192706C5-527D-B8CB-C62F-3E1CA0347C0C}.Release|Any CPU.Build.0 = Release|Any CPU
		{7A9A7B71-7CC0-2C27-DE7D-D6D5F19DE9AD}.Debug|Any CPU.ActiveCfg = Debug|Any CPU
		{7A9A7B71-7CC0-2C27-DE7D-D6D5F19DE9AD}.Debug|Any CPU.Build.0 = Debug|Any CPU
		{7A9A7B71-7CC0-2C27-DE7D-D6D5F19DE9AD}.Release|Any CPU.ActiveCfg = Release|Any CPU
		{7A9A7B71-7CC0-2C27-DE7D-D6D5F19DE9AD}.Release|Any CPU.Build.0 = Release|Any CPU
	EndGlobalSection
	GlobalSection(SolutionProperties) = preSolution
		HideSolutionNode = FALSE
	EndGlobalSection
EndGlobal
