
Microsoft Visual Studio Solution File, Format Version 12.00
# Visual Studio for Mac
Project("{FAE04EC0-301F-11D3-BF4B-00C04F79EFBC}") = "Tests", "Tests.csproj", "{192706C5-527D-B8CB-C62F-3E1CA0347C0C}"
EndProject
Project("{FAE04EC0-301F-11D3-BF4B-00C04F79EFBC}") = "Assembly-CSharp", "Assembly-CSharp.csproj", "{1AEDE33E-542C-CCC5-1714-609F0000A78A}"
EndProject
Global
	GlobalSection(SolutionConfigurationPlatforms) = preSolution
		Debug|Any CPU = Debug|Any CPU
		Release|Any CPU = Release|Any CPU
	EndGlobalSection
	GlobalSection(ProjectConfigurationPlatforms) = postSolution
		{192706C5-527D-B8CB-C62F-3E1CA0347C0C}.Debug|Any CPU.ActiveCfg = Debug|Any CPU
		{192706C5-527D-B8CB-C62F-3E1CA0347C0C}.Debug|Any CPU.Build.0 = Debug|Any CPU
		{192706C5-527D-B8CB-C62F-3E1CA0347C0C}.Release|Any CPU.ActiveCfg = Release|Any CPU
		{192706C5-527D-B8CB-C62F-3E1CA0347C0C}.Release|Any CPU.Build.0 = Release|Any CPU
		{1AEDE33E-542C-CCC5-1714-609F0000A78A}.Debug|Any CPU.ActiveCfg = Debug|Any CPU
		{1AEDE33E-542C-CCC5-1714-609F0000A78A}.Debug|Any CPU.Build.0 = Debug|Any CPU
		{1AEDE33E-542C-CCC5-1714-609F0000A78A}.Release|Any CPU.ActiveCfg = Release|Any CPU
		{1AEDE33E-542C-CCC5-1714-609F0000A78A}.Release|Any CPU.Build.0 = Release|Any CPU
	EndGlobalSection
	GlobalSection(SolutionProperties) = preSolution
		HideSolutionNode = FALSE
	EndGlobalSection
EndGlobal
